<?xml version="1.0" encoding="utf-8"?>
<Project ToolsVersion="4.0" xmlns="http://schemas.microsoft.com/developer/msbuild/2003">
  <ItemGroup>
    <Filter Include="Sources">
      <UniqueIdentifier>{4FC737F1-C7A5-4376-A066-2A32D752A2FF}</UniqueIdentifier>
      <Extensions>cpp;c;cc;cxx;c++;cppm;ixx;def;odl;idl;hpj;bat;asm;asmx</Extensions>
    </Filter>
    <Filter Include="Headers">
      <UniqueIdentifier>{93995380-89BD-4b04-88EB-625FBE52EBFB}</UniqueIdentifier>
      <Extensions>h;hh;hpp;hxx;h++;hm;inl;inc;ipp;xsd</Extensions>
    </Filter>
    <Filter Include="resources">
      <UniqueIdentifier>{67DA6AB6-F800-4c08-8B7A-83BB121AAD01}</UniqueIdentifier>
      <Extensions>rc;ico;cur;bmp;dlg;rc2;rct;bin;rgs;gif;jpg;jpeg;jpe;resx;tiff;tif;png;wav;mfcribbon-ms</Extensions>
    </Filter>
    <Filter Include="Sock">
      <UniqueIdentifier>{0641b8e5-a94e-4e86-a652-5d8c6c29b6c2}</UniqueIdentifier>
    </Filter>
    <Filter Include="Util">
      <UniqueIdentifier>{4c979f64-6aef-4334-a295-788d5cc34bdc}</UniqueIdentifier>
    </Filter>
    <Filter Include="Networking">
      <UniqueIdentifier>{96c1050a-62ce-475e-b385-2f34d414c3bf}</UniqueIdentifier>
    </Filter>
  </ItemGroup>
  <ItemGroup>
    <ClInclude Include="framework.h">
      <Filter>Headers</Filter>
    </ClInclude>
    <ClInclude Include="targetver.h">
      <Filter>Headers</Filter>
    </ClInclude>
    <ClInclude Include="Resource.h">
      <Filter>Headers</Filter>
    </ClInclude>
    <ClInclude Include="Sender.h">
      <Filter>Headers</Filter>
    </ClInclude>
    <ClInclude Include="..\Sock\Sock.h">
      <Filter>Sock</Filter>
    </ClInclude>
    <ClInclude Include="..\Sock\Udp.h">
      <Filter>Sock</Filter>
    </ClInclude>
    <ClInclude Include="..\Util\format.h">
      <Filter>Util</Filter>
    </ClInclude>
    <ClInclude Include="..\Networking\Sender.h">
      <Filter>Networking</Filter>
    </ClInclude>
    <ClInclude Include="..\Networking\Setting.h">
      <Filter>Networking</Filter>
    </ClInclude>
  </ItemGroup>
  <ItemGroup>
    <ClCompile Include="SenderApp.cpp">
      <Filter>Sources</Filter>
    </ClCompile>
    <ClCompile Include="..\Sock\Sock.cpp">
      <Filter>Sock</Filter>
    </ClCompile>
    <ClCompile Include="..\Sock\Udp.cpp">
      <Filter>Sock</Filter>
    </ClCompile>
    <ClCompile Include="..\Util\format.c">
      <Filter>Util</Filter>
    </ClCompile>
    <ClCompile Include="..\Networking\Sender.cpp">
      <Filter>Networking</Filter>
    </ClCompile>
    <ClCompile Include="..\Networking\Setting.cpp">
      <Filter>Networking</Filter>
    </ClCompile>
  </ItemGroup>
  <ItemGroup>
    <ResourceCompile Include="Sender.rc">
      <Filter>resources</Filter>
    </ResourceCompile>
  </ItemGroup>
  <ItemGroup>
    <Image Include="small.ico">
      <Filter>resources</Filter>
    </Image>
    <Image Include="Sender.ico">
      <Filter>resources</Filter>
    </Image>
  </ItemGroup>
</Project>