<?xml version="1.0" encoding="utf-8"?>
<Project ToolsVersion="4.0" xmlns="http://schemas.microsoft.com/developer/msbuild/2003">
  <ItemGroup>
    <Filter Include="Sources">
      <UniqueIdentifier>{4FC737F1-C7A5-4376-A066-2A32D752A2FF}</UniqueIdentifier>
      <Extensions>cpp;c;cc;cxx;c++;cppm;ixx;def;odl;idl;hpj;bat;asm;asmx</Extensions>
    </Filter>
    <Filter Include="Headers">
      <UniqueIdentifier>{93995380-89BD-4b04-88EB-625FBE52EBFB}</UniqueIdentifier>
      <Extensions>h;hh;hpp;hxx;h++;hm;inl;inc;ipp;xsd</Extensions>
    </Filter>
    <Filter Include="resources">
      <UniqueIdentifier>{67DA6AB6-F800-4c08-8B7A-83BB121AAD01}</UniqueIdentifier>
      <Extensions>rc;ico;cur;bmp;dlg;rc2;rct;bin;rgs;gif;jpg;jpeg;jpe;resx;tiff;tif;png;wav;mfcribbon-ms</Extensions>
    </Filter>
    <Filter Include="Sock">
      <UniqueIdentifier>{0641b8e5-a94e-4e86-a652-5d8c6c29b6c2}</UniqueIdentifier>
    </Filter>
    <Filter Include="Util">
      <UniqueIdentifier>{4c979f64-6aef-4334-a295-788d5cc34bdc}</UniqueIdentifier>
    </Filter>
    <Filter Include="Networking">
      <UniqueIdentifier>{96c1050a-62ce-475e-b385-2f34d414c3bf}</UniqueIdentifier>
    </Filter>
    <Filter Include="Framebuffer">
      <UniqueIdentifier>{af7bbf14-014b-41af-b652-cc4481717ab7}</UniqueIdentifier>
    </Filter>
    <Filter Include="Framebuffer\Windows">
      <UniqueIdentifier>{7a796a80-3888-4883-98c7-999ec0d8edf6}</UniqueIdentifier>
    </Filter>
    <Filter Include="Libs">
      <UniqueIdentifier>{67100eb8-c6f9-457f-9cd3-3f55e31bd666}</UniqueIdentifier>
    </Filter>
  </ItemGroup>
  <ItemGroup>
    <ClInclude Include="framework.h">
      <Filter>Headers</Filter>
    </ClInclude>
    <ClInclude Include="targetver.h">
      <Filter>Headers</Filter>
    </ClInclude>
    <ClInclude Include="Resource.h">
      <Filter>Headers</Filter>
    </ClInclude>
    <ClInclude Include="Sender.h">
      <Filter>Headers</Filter>
    </ClInclude>
    <ClInclude Include="..\Sock\Sock.h">
      <Filter>Sock</Filter>
    </ClInclude>
    <ClInclude Include="..\Sock\Udp.h">
      <Filter>Sock</Filter>
    </ClInclude>
    <ClInclude Include="..\Util\format.h">
      <Filter>Util</Filter>
    </ClInclude>
    <ClInclude Include="..\Networking\Sender.h">
      <Filter>Networking</Filter>
    </ClInclude>
    <ClInclude Include="..\Networking\Setting.h">
      <Filter>Networking</Filter>
    </ClInclude>
    <ClInclude Include="..\Framebuffer\CharSet.h">
      <Filter>Framebuffer</Filter>
    </ClInclude>
    <ClInclude Include="..\Framebuffer\Device.h">
      <Filter>Framebuffer</Filter>
    </ClInclude>
    <ClInclude Include="..\Framebuffer\Entity.h">
      <Filter>Framebuffer</Filter>
    </ClInclude>
    <ClInclude Include="..\Framebuffer\FontLib.h">
      <Filter>Framebuffer</Filter>
    </ClInclude>
    <ClInclude Include="..\Framebuffer\FrameBuffer.h">
      <Filter>Framebuffer</Filter>
    </ClInclude>
    <ClInclude Include="..\Framebuffer\Raster.h">
      <Filter>Framebuffer</Filter>
    </ClInclude>
    <ClInclude Include="..\Framebuffer\Sprite.h">
      <Filter>Framebuffer</Filter>
    </ClInclude>
    <ClInclude Include="..\Framebuffer\Types.h">
      <Filter>Framebuffer</Filter>
    </ClInclude>
    <ClInclude Include="..\Libs\picopng.hpp">
      <Filter>Libs</Filter>
    </ClInclude>
  </ItemGroup>
  <ItemGroup>
    <ClCompile Include="SenderApp.cpp">
      <Filter>Sources</Filter>
    </ClCompile>
    <ClCompile Include="..\Sock\Sock.cpp">
      <Filter>Sock</Filter>
    </ClCompile>
    <ClCompile Include="..\Sock\Udp.cpp">
      <Filter>Sock</Filter>
    </ClCompile>
    <ClCompile Include="..\Util\format.c">
      <Filter>Util</Filter>
    </ClCompile>
    <ClCompile Include="..\Networking\Sender.cpp">
      <Filter>Networking</Filter>
    </ClCompile>
    <ClCompile Include="..\Networking\Setting.cpp">
      <Filter>Networking</Filter>
    </ClCompile>
    <ClCompile Include="..\Framebuffer\CharSet.cpp">
      <Filter>Framebuffer</Filter>
    </ClCompile>
    <ClCompile Include="..\Framebuffer\Entity.cpp">
      <Filter>Framebuffer</Filter>
    </ClCompile>
    <ClCompile Include="..\Framebuffer\FontLib.cpp">
      <Filter>Framebuffer</Filter>
    </ClCompile>
    <ClCompile Include="..\Framebuffer\FrameBuffer.cpp">
      <Filter>Framebuffer</Filter>
    </ClCompile>
    <ClCompile Include="..\Framebuffer\Sprite.cpp">
      <Filter>Framebuffer</Filter>
    </ClCompile>
    <ClCompile Include="..\Framebuffer\Windows\Device.cpp">
      <Filter>Framebuffer\Windows</Filter>
    </ClCompile>
    <ClCompile Include="..\Libs\picopng.cpp">
      <Filter>Libs</Filter>
    </ClCompile>
  </ItemGroup>
  <ItemGroup>
    <ResourceCompile Include="Sender.rc">
      <Filter>resources</Filter>
    </ResourceCompile>
  </ItemGroup>
  <ItemGroup>
    <Image Include="small.ico">
      <Filter>resources</Filter>
    </Image>
    <Image Include="Sender.ico">
      <Filter>resources</Filter>
    </Image>
  </ItemGroup>
  <ItemGroup>
    <Library Include="..\out\freetype.lib" />
  </ItemGroup>
</Project>