<?xml version="1.0" encoding="utf-8"?>
<Project ToolsVersion="4.0" xmlns="http://schemas.microsoft.com/developer/msbuild/2003">
  <ItemGroup>
    <Filter Include="resources">
      <UniqueIdentifier>{67DA6AB6-F800-4c08-8B7A-83BB121AAD01}</UniqueIdentifier>
      <Extensions>rc;ico;cur;bmp;dlg;rc2;rct;bin;rgs;gif;jpg;jpeg;jpe;resx;tiff;tif;png;wav;mfcribbon-ms</Extensions>
    </Filter>
    <Filter Include="Sources">
      <UniqueIdentifier>{4FC737F1-C7A5-4376-A066-2A32D752A2FF}</UniqueIdentifier>
      <Extensions>cpp;c;cc;cxx;c++;cppm;ixx;def;odl;idl;hpj;bat;asm;asmx</Extensions>
    </Filter>
    <Filter Include="Headers">
      <UniqueIdentifier>{93995380-89BD-4b04-88EB-625FBE52EBFB}</UniqueIdentifier>
      <Extensions>h;hh;hpp;hxx;h++;hm;inl;inc;ipp;xsd</Extensions>
    </Filter>
    <Filter Include="Util">
      <UniqueIdentifier>{c2be2350-07fa-4333-be72-98aef2a62c0e}</UniqueIdentifier>
    </Filter>
    <Filter Include="Sock">
      <UniqueIdentifier>{98588555-d67d-41e2-8bdc-dd54d09a6fa5}</UniqueIdentifier>
    </Filter>
    <Filter Include="Networking">
      <UniqueIdentifier>{f514d415-a053-4f8d-87c0-66f9d94c6179}</UniqueIdentifier>
    </Filter>
    <Filter Include="System">
      <UniqueIdentifier>{e4558f9c-58f4-4776-8b40-23fd02b23f0b}</UniqueIdentifier>
    </Filter>
    <Filter Include="System\Windows">
      <UniqueIdentifier>{52a130eb-6c68-4217-b82a-5841db46065d}</UniqueIdentifier>
    </Filter>
  </ItemGroup>
  <ItemGroup>
    <ClInclude Include="framework.h">
      <Filter>Headers</Filter>
    </ClInclude>
    <ClInclude Include="targetver.h">
      <Filter>Headers</Filter>
    </ClInclude>
    <ClInclude Include="Resource.h">
      <Filter>Headers</Filter>
    </ClInclude>
    <ClInclude Include="Server.h">
      <Filter>Headers</Filter>
    </ClInclude>
    <ClInclude Include="..\format.h">
      <Filter>Headers</Filter>
    </ClInclude>
    <ClInclude Include="..\Util\format.h">
      <Filter>Util</Filter>
    </ClInclude>
    <ClInclude Include="..\Sock\Sock.h">
      <Filter>Sock</Filter>
    </ClInclude>
    <ClInclude Include="..\Sock\Udp.h">
      <Filter>Sock</Filter>
    </ClInclude>
    <ClInclude Include="..\Networking\ListenerMngr.h">
      <Filter>Networking</Filter>
    </ClInclude>
    <ClInclude Include="..\Networking\Setting.h">
      <Filter>Networking</Filter>
    </ClInclude>
    <ClInclude Include="..\System\FrameBuffer.h">
      <Filter>System</Filter>
    </ClInclude>
    <ClInclude Include="..\System\Device.h">
      <Filter>System</Filter>
    </ClInclude>
  </ItemGroup>
  <ItemGroup>
    <ClCompile Include="Server.cpp">
      <Filter>Sources</Filter>
    </ClCompile>
    <ClCompile Include="..\Util\format.c">
      <Filter>Util</Filter>
    </ClCompile>
    <ClCompile Include="..\Sock\Sock.cpp">
      <Filter>Sock</Filter>
    </ClCompile>
    <ClCompile Include="..\Sock\Udp.cpp">
      <Filter>Sock</Filter>
    </ClCompile>
    <ClCompile Include="..\Networking\ListenerMngr.cpp">
      <Filter>Networking</Filter>
    </ClCompile>
    <ClCompile Include="..\Networking\Setting.cpp">
      <Filter>Networking</Filter>
    </ClCompile>
    <ClCompile Include="..\System\Windows\Device.cpp">
      <Filter>System\Windows</Filter>
    </ClCompile>
    <ClCompile Include="..\System\FrameBuffer.cpp">
      <Filter>System</Filter>
    </ClCompile>
  </ItemGroup>
  <ItemGroup>
    <ResourceCompile Include="Server.rc">
      <Filter>resources</Filter>
    </ResourceCompile>
  </ItemGroup>
  <ItemGroup>
    <Image Include="small.ico">
      <Filter>resources</Filter>
    </Image>
    <Image Include="Server.ico">
      <Filter>resources</Filter>
    </Image>
  </ItemGroup>
</Project>